
Microsoft Visual Studio Solution File, Format Version 12.00
# Visual Studio 15
VisualStudioVersion = 15.0.26730.15
MinimumVisualStudioVersion = 10.0.40219.1
Project("{FAE04EC0-301F-11D3-BF4B-00C04F79EFBC}") = "TaskInheritance", "TaskInheritance\TaskInheritance.csproj", "{DB474E26-4379-4E11-A31D-1F68CFADDEBA}"
EndProject
Global
	GlobalSection(SolutionConfigurationPlatforms) = preSolution
		Debug|Any CPU = Debug|Any CPU
		Release|Any CPU = Release|Any CPU
	EndGlobalSection
	GlobalSection(ProjectConfigurationPlatforms) = postSolution
		{DB474E26-4379-4E11-A31D-1F68CFADDEBA}.Debug|Any CPU.ActiveCfg = Debug|Any CPU
		{DB474E26-4379-4E11-A31D-1F68CFADDEBA}.Debug|Any CPU.Build.0 = Debug|Any CPU
		{DB474E26-4379-4E11-A31D-1F68CFADDEBA}.Release|Any CPU.ActiveCfg = Release|Any CPU
		{DB474E26-4379-4E11-A31D-1F68CFADDEBA}.Release|Any CPU.Build.0 = Release|Any CPU
	EndGlobalSection
	GlobalSection(SolutionProperties) = preSolution
		HideSolutionNode = FALSE
	EndGlobalSection
	GlobalSection(ExtensibilityGlobals) = postSolution
		SolutionGuid = {B666E3A3-1C36-4801-8BA7-1A4983C3233B}
	EndGlobalSection
EndGlobal
