
Microsoft Visual Studio Solution File, Format Version 12.00
# Visual Studio 15
VisualStudioVersion = 15.0.26730.15
MinimumVisualStudioVersion = 10.0.40219.1
Project("{FAE04EC0-301F-11D3-BF4B-00C04F79EFBC}") = "TaskPerson", "TaskPerson\TaskPerson.csproj", "{EEEB1E92-0EBA-42DB-BC87-762969FD5016}"
EndProject
Global
	GlobalSection(SolutionConfigurationPlatforms) = preSolution
		Debug|Any CPU = Debug|Any CPU
		Release|Any CPU = Release|Any CPU
	EndGlobalSection
	GlobalSection(ProjectConfigurationPlatforms) = postSolution
		{EEEB1E92-0EBA-42DB-BC87-762969FD5016}.Debug|Any CPU.ActiveCfg = Debug|Any CPU
		{EEEB1E92-0EBA-42DB-BC87-762969FD5016}.Debug|Any CPU.Build.0 = Debug|Any CPU
		{EEEB1E92-0EBA-42DB-BC87-762969FD5016}.Release|Any CPU.ActiveCfg = Release|Any CPU
		{EEEB1E92-0EBA-42DB-BC87-762969FD5016}.Release|Any CPU.Build.0 = Release|Any CPU
	EndGlobalSection
	GlobalSection(SolutionProperties) = preSolution
		HideSolutionNode = FALSE
	EndGlobalSection
	GlobalSection(ExtensibilityGlobals) = postSolution
		SolutionGuid = {A83BBEB3-7877-456A-8E0D-5D49423C843E}
	EndGlobalSection
EndGlobal
